
Microsoft Visual Studio Solution File, Format Version 12.00
# Visual Studio Version 17
VisualStudioVersion = 17.11.35219.272
MinimumVisualStudioVersion = 10.0.40219.1
Project("{FAE04EC0-301F-11D3-BF4B-00C04F79EFBC}") = "MinimalApi", "MinimalApi.csproj", "{1898A940-AD62-41C4-A6FC-7A7F1DC59E71}"
EndProject
Global
	GlobalSection(SolutionConfigurationPlatforms) = preSolution
		Debug|Any CPU = Debug|Any CPU
		Release|Any CPU = Release|Any CPU
	EndGlobalSection
	GlobalSection(ProjectConfigurationPlatforms) = postSolution
		{1898A940-AD62-41C4-A6FC-7A7F1DC59E71}.Debug|Any CPU.ActiveCfg = Debug|Any CPU
		{1898A940-AD62-41C4-A6FC-7A7F1DC59E71}.Debug|Any CPU.Build.0 = Debug|Any CPU
		{1898A940-AD62-41C4-A6FC-7A7F1DC59E71}.Release|Any CPU.ActiveCfg = Release|Any CPU
		{1898A940-AD62-41C4-A6FC-7A7F1DC59E71}.Release|Any CPU.Build.0 = Release|Any CPU
	EndGlobalSection
	GlobalSection(SolutionProperties) = preSolution
		HideSolutionNode = FALSE
	EndGlobalSection
	GlobalSection(ExtensibilityGlobals) = postSolution
		SolutionGuid = {F06D0573-4ADF-403A-9935-1F22B864332E}
	EndGlobalSection
EndGlobal
